
Microsoft Visual Studio Solution File, Format Version 12.00
Project("{FAE04EC0-301F-11D3-BF4B-00C04F79EFBC}") = "ConsoleApp", "ConsoleApp\ConsoleApp.csproj", "{7C21EE8F-6261-499A-803F-C288BCF23225}"
EndProject
Project("{FAE04EC0-301F-11D3-BF4B-00C04F79EFBC}") = "ConsoleAppNative", "ConsoleAppNative\ConsoleAppNative.csproj", "{FAB643EB-31B0-4AB9-A193-F8C24466EC14}"
EndProject
Project("{FAE04EC0-301F-11D3-BF4B-00C04F79EFBC}") = "ConsoleAppLib", "ConsoleAppLib\ConsoleAppLib.csproj", "{B205BB19-DAA1-4013-B926-4577D7D07840}"
EndProject
Global
	GlobalSection(SolutionConfigurationPlatforms) = preSolution
		Debug|Any CPU = Debug|Any CPU
		Release|Any CPU = Release|Any CPU
	EndGlobalSection
	GlobalSection(ProjectConfigurationPlatforms) = postSolution
		{7C21EE8F-6261-499A-803F-C288BCF23225}.Debug|Any CPU.ActiveCfg = Debug|Any CPU
		{7C21EE8F-6261-499A-803F-C288BCF23225}.Debug|Any CPU.Build.0 = Debug|Any CPU
		{7C21EE8F-6261-499A-803F-C288BCF23225}.Release|Any CPU.ActiveCfg = Release|Any CPU
		{7C21EE8F-6261-499A-803F-C288BCF23225}.Release|Any CPU.Build.0 = Release|Any CPU
		{FAB643EB-31B0-4AB9-A193-F8C24466EC14}.Debug|Any CPU.ActiveCfg = Debug|Any CPU
		{FAB643EB-31B0-4AB9-A193-F8C24466EC14}.Debug|Any CPU.Build.0 = Debug|Any CPU
		{FAB643EB-31B0-4AB9-A193-F8C24466EC14}.Release|Any CPU.ActiveCfg = Release|Any CPU
		{FAB643EB-31B0-4AB9-A193-F8C24466EC14}.Release|Any CPU.Build.0 = Release|Any CPU
		{B205BB19-DAA1-4013-B926-4577D7D07840}.Debug|Any CPU.ActiveCfg = Debug|Any CPU
		{B205BB19-DAA1-4013-B926-4577D7D07840}.Debug|Any CPU.Build.0 = Debug|Any CPU
		{B205BB19-DAA1-4013-B926-4577D7D07840}.Release|Any CPU.ActiveCfg = Release|Any CPU
		{B205BB19-DAA1-4013-B926-4577D7D07840}.Release|Any CPU.Build.0 = Release|Any CPU
	EndGlobalSection
EndGlobal
