
Microsoft Visual Studio Solution File, Format Version 12.00
# Visual Studio Version 16
VisualStudioVersion = 16.0.29324.140
MinimumVisualStudioVersion = 10.0.40219.1
Project("{FAE04EC0-301F-11D3-BF4B-00C04F79EFBC}") = "MvvmUI", "MvvmUI\MvvmUI.csproj", "{E22E361F-9583-4650-B335-55583823EBDF}"
EndProject
Global
	GlobalSection(SolutionConfigurationPlatforms) = preSolution
		Debug|Any CPU = Debug|Any CPU
		Release|Any CPU = Release|Any CPU
	EndGlobalSection
	GlobalSection(ProjectConfigurationPlatforms) = postSolution
		{E22E361F-9583-4650-B335-55583823EBDF}.Debug|Any CPU.ActiveCfg = Debug|Any CPU
		{E22E361F-9583-4650-B335-55583823EBDF}.Debug|Any CPU.Build.0 = Debug|Any CPU
		{E22E361F-9583-4650-B335-55583823EBDF}.Release|Any CPU.ActiveCfg = Release|Any CPU
		{E22E361F-9583-4650-B335-55583823EBDF}.Release|Any CPU.Build.0 = Release|Any CPU
	EndGlobalSection
	GlobalSection(SolutionProperties) = preSolution
		HideSolutionNode = FALSE
	EndGlobalSection
	GlobalSection(ExtensibilityGlobals) = postSolution
		SolutionGuid = {32F8CC56-977A-4E21-A53C-191C940DB9FB}
	EndGlobalSection
EndGlobal
