
Microsoft Visual Studio Solution File, Format Version 12.00
# Visual Studio Version 17
VisualStudioVersion = 17.4.33205.214
MinimumVisualStudioVersion = 10.0.40219.1
Project("{FAE04EC0-301F-11D3-BF4B-00C04F79EFBC}") = "MvvmExample", "MvvmExample\MvvmExample.csproj", "{6AC6018F-1CA1-4451-B1C7-8566D32F227B}"
EndProject
Global
	GlobalSection(SolutionConfigurationPlatforms) = preSolution
		Debug|Any CPU = Debug|Any CPU
		Release|Any CPU = Release|Any CPU
	EndGlobalSection
	GlobalSection(ProjectConfigurationPlatforms) = postSolution
		{6AC6018F-1CA1-4451-B1C7-8566D32F227B}.Debug|Any CPU.ActiveCfg = Debug|Any CPU
		{6AC6018F-1CA1-4451-B1C7-8566D32F227B}.Debug|Any CPU.Build.0 = Debug|Any CPU
		{6AC6018F-1CA1-4451-B1C7-8566D32F227B}.Release|Any CPU.ActiveCfg = Release|Any CPU
		{6AC6018F-1CA1-4451-B1C7-8566D32F227B}.Release|Any CPU.Build.0 = Release|Any CPU
	EndGlobalSection
	GlobalSection(SolutionProperties) = preSolution
		HideSolutionNode = FALSE
	EndGlobalSection
	GlobalSection(ExtensibilityGlobals) = postSolution
		SolutionGuid = {76F49B43-E518-4360-ABB5-42237A09C3D1}
	EndGlobalSection
EndGlobal
