
Microsoft Visual Studio Solution File, Format Version 12.00
# Visual Studio Version 16
VisualStudioVersion = 16.0.30804.86
MinimumVisualStudioVersion = 10.0.40219.1
Project("{9A19103F-16F7-4668-BE54-9A1E7A4F7556}") = "InterfaceExam", "InterfaceExam\InterfaceExam.csproj", "{B457CAB5-D9EC-4C92-BA5C-82BB55AB7977}"
EndProject
Project("{FAE04EC0-301F-11D3-BF4B-00C04F79EFBC}") = "DelegateExam", "DelegateExam\DelegateExam.csproj", "{B301098F-5258-48C2-A951-EB4699496D20}"
EndProject
Global
	GlobalSection(SolutionConfigurationPlatforms) = preSolution
		Debug|Any CPU = Debug|Any CPU
		Release|Any CPU = Release|Any CPU
	EndGlobalSection
	GlobalSection(ProjectConfigurationPlatforms) = postSolution
		{B457CAB5-D9EC-4C92-BA5C-82BB55AB7977}.Debug|Any CPU.ActiveCfg = Debug|Any CPU
		{B457CAB5-D9EC-4C92-BA5C-82BB55AB7977}.Debug|Any CPU.Build.0 = Debug|Any CPU
		{B457CAB5-D9EC-4C92-BA5C-82BB55AB7977}.Release|Any CPU.ActiveCfg = Release|Any CPU
		{B457CAB5-D9EC-4C92-BA5C-82BB55AB7977}.Release|Any CPU.Build.0 = Release|Any CPU
		{B301098F-5258-48C2-A951-EB4699496D20}.Debug|Any CPU.ActiveCfg = Debug|Any CPU
		{B301098F-5258-48C2-A951-EB4699496D20}.Debug|Any CPU.Build.0 = Debug|Any CPU
		{B301098F-5258-48C2-A951-EB4699496D20}.Release|Any CPU.ActiveCfg = Release|Any CPU
		{B301098F-5258-48C2-A951-EB4699496D20}.Release|Any CPU.Build.0 = Release|Any CPU
	EndGlobalSection
	GlobalSection(SolutionProperties) = preSolution
		HideSolutionNode = FALSE
	EndGlobalSection
	GlobalSection(ExtensibilityGlobals) = postSolution
		SolutionGuid = {744B39C0-6E2E-4750-AD09-648BA5760796}
	EndGlobalSection
EndGlobal
