
Microsoft Visual Studio Solution File, Format Version 12.00
# Visual Studio Version 16
VisualStudioVersion = 16.0.31624.102
MinimumVisualStudioVersion = 10.0.40219.1
Project("{FAE04EC0-301F-11D3-BF4B-00C04F79EFBC}") = "FirstWPF", "FirstWPF\FirstWPF.csproj", "{88F6AB72-01F5-48A6-952B-26AA8D8F28F2}"
EndProject
Global
	GlobalSection(SolutionConfigurationPlatforms) = preSolution
		Debug|Any CPU = Debug|Any CPU
		Release|Any CPU = Release|Any CPU
	EndGlobalSection
	GlobalSection(ProjectConfigurationPlatforms) = postSolution
		{88F6AB72-01F5-48A6-952B-26AA8D8F28F2}.Debug|Any CPU.ActiveCfg = Debug|Any CPU
		{88F6AB72-01F5-48A6-952B-26AA8D8F28F2}.Debug|Any CPU.Build.0 = Debug|Any CPU
		{88F6AB72-01F5-48A6-952B-26AA8D8F28F2}.Release|Any CPU.ActiveCfg = Release|Any CPU
		{88F6AB72-01F5-48A6-952B-26AA8D8F28F2}.Release|Any CPU.Build.0 = Release|Any CPU
	EndGlobalSection
	GlobalSection(SolutionProperties) = preSolution
		HideSolutionNode = FALSE
	EndGlobalSection
	GlobalSection(ExtensibilityGlobals) = postSolution
		SolutionGuid = {D18837B1-D905-4DC6-9998-979764B4C107}
	EndGlobalSection
EndGlobal
