
Microsoft Visual Studio Solution File, Format Version 12.00
Project("{FAE04EC0-301F-11D3-BF4B-00C04F79EFBC}") = "MyApp", "MyApp\MyApp.csproj", "{F7D2783A-8C0E-42C3-8218-E4B6D602AE24}"
EndProject
Project("{FAE04EC0-301F-11D3-BF4B-00C04F79EFBC}") = "MyAppLib", "MyAppLib\MyAppLib.csproj", "{46F24D94-F1B4-41B5-955C-F8DCEBF76F50}"
EndProject
Global
	GlobalSection(SolutionConfigurationPlatforms) = preSolution
		Debug|Any CPU = Debug|Any CPU
		Release|Any CPU = Release|Any CPU
	EndGlobalSection
	GlobalSection(ProjectConfigurationPlatforms) = postSolution
		{F7D2783A-8C0E-42C3-8218-E4B6D602AE24}.Debug|Any CPU.ActiveCfg = Debug|Any CPU
		{F7D2783A-8C0E-42C3-8218-E4B6D602AE24}.Debug|Any CPU.Build.0 = Debug|Any CPU
		{F7D2783A-8C0E-42C3-8218-E4B6D602AE24}.Release|Any CPU.ActiveCfg = Release|Any CPU
		{F7D2783A-8C0E-42C3-8218-E4B6D602AE24}.Release|Any CPU.Build.0 = Release|Any CPU
		{46F24D94-F1B4-41B5-955C-F8DCEBF76F50}.Debug|Any CPU.ActiveCfg = Debug|Any CPU
		{46F24D94-F1B4-41B5-955C-F8DCEBF76F50}.Debug|Any CPU.Build.0 = Debug|Any CPU
		{46F24D94-F1B4-41B5-955C-F8DCEBF76F50}.Release|Any CPU.ActiveCfg = Release|Any CPU
		{46F24D94-F1B4-41B5-955C-F8DCEBF76F50}.Release|Any CPU.Build.0 = Release|Any CPU
	EndGlobalSection
EndGlobal
