
Microsoft Visual Studio Solution File, Format Version 12.00
# Visual Studio Version 16
VisualStudioVersion = 16.0.31624.102
MinimumVisualStudioVersion = 10.0.40219.1
Project("{FAE04EC0-301F-11D3-BF4B-00C04F79EFBC}") = "ExamHelloDI", "ExamHelloDI\ExamHelloDI.csproj", "{7FCFECBD-9BC0-4392-A7A6-90B38256754B}"
EndProject
Global
	GlobalSection(SolutionConfigurationPlatforms) = preSolution
		Debug|Any CPU = Debug|Any CPU
		Release|Any CPU = Release|Any CPU
	EndGlobalSection
	GlobalSection(ProjectConfigurationPlatforms) = postSolution
		{7FCFECBD-9BC0-4392-A7A6-90B38256754B}.Debug|Any CPU.ActiveCfg = Debug|Any CPU
		{7FCFECBD-9BC0-4392-A7A6-90B38256754B}.Debug|Any CPU.Build.0 = Debug|Any CPU
		{7FCFECBD-9BC0-4392-A7A6-90B38256754B}.Release|Any CPU.ActiveCfg = Release|Any CPU
		{7FCFECBD-9BC0-4392-A7A6-90B38256754B}.Release|Any CPU.Build.0 = Release|Any CPU
	EndGlobalSection
	GlobalSection(SolutionProperties) = preSolution
		HideSolutionNode = FALSE
	EndGlobalSection
	GlobalSection(ExtensibilityGlobals) = postSolution
		SolutionGuid = {2C935EB8-BECD-46D6-A46D-B6C34A2870D6}
	EndGlobalSection
EndGlobal
