
Microsoft Visual Studio Solution File, Format Version 12.00
# Visual Studio Version 17
VisualStudioVersion = 17.2.32616.157
MinimumVisualStudioVersion = 10.0.40219.1
Project("{FAE04EC0-301F-11D3-BF4B-00C04F79EFBC}") = "DelegateExam", "DelegateExam\DelegateExam.csproj", "{AF92F4B8-0366-42D5-AC22-FBEDD8A5B4F9}"
EndProject
Global
	GlobalSection(SolutionConfigurationPlatforms) = preSolution
		Debug|Any CPU = Debug|Any CPU
		Release|Any CPU = Release|Any CPU
	EndGlobalSection
	GlobalSection(ProjectConfigurationPlatforms) = postSolution
		{AF92F4B8-0366-42D5-AC22-FBEDD8A5B4F9}.Debug|Any CPU.ActiveCfg = Debug|Any CPU
		{AF92F4B8-0366-42D5-AC22-FBEDD8A5B4F9}.Debug|Any CPU.Build.0 = Debug|Any CPU
		{AF92F4B8-0366-42D5-AC22-FBEDD8A5B4F9}.Release|Any CPU.ActiveCfg = Release|Any CPU
		{AF92F4B8-0366-42D5-AC22-FBEDD8A5B4F9}.Release|Any CPU.Build.0 = Release|Any CPU
	EndGlobalSection
	GlobalSection(SolutionProperties) = preSolution
		HideSolutionNode = FALSE
	EndGlobalSection
	GlobalSection(ExtensibilityGlobals) = postSolution
		SolutionGuid = {5F5EDC17-58B5-4433-BF9F-693622282E3C}
	EndGlobalSection
EndGlobal
